{
  "nodes": {
    "darwin": {
      "inputs": {
        "nixpkgs": [
          "nixpkgs-darwin"
        ]
      },
      "locked": {
        "lastModified": 1648278671,
        "narHash": "sha256-1WrR9ex+rKTjZtODNUZQhkWYUprtfOkjOyo9YWL2NMs=",
        "owner": "lnl7",
        "repo": "nix-darwin",
        "rev": "4fdbb8168f61d31d3f90bb0d07f48de709c4fe79",
        "type": "github"
      },
      "original": {
        "owner": "lnl7",
        "ref": "master",
        "repo": "nix-darwin",
        "type": "github"
      }
    },
    "flake-utils": {
      "locked": {
        "lastModified": 1648297722,
        "narHash": "sha256-W+qlPsiZd8F3XkzXOzAoR+mpFqzm3ekQkJNa+PIh1BQ=",
        "owner": "numtide",
        "repo": "flake-utils",
        "rev": "0f8662f1319ad6abf89b3380dd2722369fc51ade",
        "type": "github"
      },
      "original": {
        "owner": "numtide",
        "repo": "flake-utils",
        "type": "github"
      }
    },
    "home-manager": {
      "inputs": {
        "nixpkgs": [
          "nixos"
        ]
      },
      "locked": {
        "lastModified": 1648834319,
        "narHash": "sha256-i5Aj4Aw64D/A0X6XW5LxSS4XBnYj7gMz+kN4dpsbdk8=",
        "owner": "nix-community",
        "repo": "home-manager",
        "rev": "0bdbdea2e26c984b096f4f7d10e3c88536a980b0",
        "type": "github"
      },
      "original": {
        "owner": "nix-community",
        "ref": "release-21.11",
        "repo": "home-manager",
        "type": "github"
      }
    },
    "home-manager-unstable": {
      "inputs": {
        "nixpkgs": [
          "nixos-unstable"
        ]
      },
      "locked": {
        "lastModified": 1649392573,
        "narHash": "sha256-dCPEJZzExz2+i7AjUuViZUgHC+JXDlBBG/IzuSYWCh8=",
        "owner": "nix-community",
        "repo": "home-manager",
        "rev": "f911ebbec927e8e9b582f2e32e2b35f730074cfc",
        "type": "github"
      },
      "original": {
        "owner": "nix-community",
        "ref": "master",
        "repo": "home-manager",
        "type": "github"
      }
    },
    "nix-on-droid": {
      "inputs": {
        "flake-utils": [
          "flake-utils"
        ],
        "home-manager": [
          "home-manager"
        ],
        "nixpkgs": [
          "nixos"
        ]
      },
      "locked": {
        "lastModified": 1641155977,
        "narHash": "sha256-50h+3soki1I+plc+4gzzvO2yaGg/8UDsLNQotXg649c=",
        "owner": "t184256",
        "repo": "nix-on-droid",
        "rev": "07c4406897104c7be56094b0865e4c37aa72ec8f",
        "type": "github"
      },
      "original": {
        "owner": "t184256",
        "repo": "nix-on-droid",
        "type": "github"
      }
    },
    "nixgl": {
      "flake": false,
      "locked": {
        "lastModified": 1644013836,
        "narHash": "sha256-8J6HqBr8+JlZzjyMV8FrCS6ZI6rHo1pTMPilSBf6TaE=",
        "owner": "guibou",
        "repo": "nixGL",
        "rev": "17658df1e17a64bc23ee5c93cfa9e8b663a4ac81",
        "type": "github"
      },
      "original": {
        "owner": "guibou",
        "repo": "nixGL",
        "type": "github"
      }
    },
    "nixos": {
      "locked": {
        "lastModified": 1649490789,
        "narHash": "sha256-YrhVxwoofZSx/wLZ4GYET//8vS+uqWX572zvdmP/Etg=",
        "owner": "NixOS",
        "repo": "nixpkgs",
        "rev": "c86185d20d708013caf97a6adaa8dc6d72313c75",
        "type": "github"
      },
      "original": {
        "owner": "NixOS",
        "ref": "nixos-21.11",
        "repo": "nixpkgs",
        "type": "github"
      }
    },
    "nixos-small": {
      "locked": {
        "lastModified": 1649504202,
        "narHash": "sha256-k7BZoTGeNqz+jy0v0kKl3jSa+6Q4Dx1FPpZFF9+u9nA=",
        "owner": "NixOS",
        "repo": "nixpkgs",
        "rev": "27b0c3988745d1b18607744badaf2add79c8bcea",
        "type": "github"
      },
      "original": {
        "owner": "NixOS",
        "ref": "nixos-21.11-small",
        "repo": "nixpkgs",
        "type": "github"
      }
    },
    "nixos-unstable": {
      "locked": {
        "lastModified": 1649225869,
        "narHash": "sha256-u1zLtPmQzhT9mNXyM8Ey9pk7orDrIKdwooeGDEXm5xM=",
        "owner": "NixOS",
        "repo": "nixpkgs",
        "rev": "b6966d911da89e5a7301aaef8b4f0a44c77e103c",
        "type": "github"
      },
      "original": {
        "owner": "NixOS",
        "ref": "nixos-unstable",
        "repo": "nixpkgs",
        "type": "github"
      }
    },
    "nixpkgs-darwin": {
      "locked": {
        "lastModified": 1648744337,
        "narHash": "sha256-bYe1dFJAXovjqiaPKrmAbSBEK5KUkgwVaZcTbSoJ7hg=",
        "owner": "NixOS",
        "repo": "nixpkgs",
        "rev": "0a58eebd8ec65ffdef2ce9562784123a73922052",
        "type": "github"
      },
      "original": {
        "owner": "NixOS",
        "ref": "nixpkgs-21.11-darwin",
        "repo": "nixpkgs",
        "type": "github"
      }
    },
    "nixpkgs-darwin-unstable": {
      "locked": {
        "lastModified": 1648219316,
        "narHash": "sha256-Ctij+dOi0ZZIfX5eMhgwugfvB+WZSrvVNAyAuANOsnQ=",
        "owner": "NixOS",
        "repo": "nixpkgs",
        "rev": "30d3d79b7d3607d56546dd2a6b49e156ba0ec634",
        "type": "github"
      },
      "original": {
        "owner": "NixOS",
        "ref": "nixpkgs-unstable",
        "repo": "nixpkgs",
        "type": "github"
      }
    },
    "nur": {
      "locked": {
        "lastModified": 1649534482,
        "narHash": "sha256-qWYg9gboVvgtgVD2qh8dlHRqhzq+3Myd9GRVJy3yaeo=",
        "owner": "nix-community",
        "repo": "NUR",
        "rev": "f534002a9e3b56932969bb10ae2fd4b667a69f17",
        "type": "github"
      },
      "original": {
        "owner": "nix-community",
        "repo": "NUR",
        "type": "github"
      }
    },
    "root": {
      "inputs": {
        "darwin": "darwin",
        "flake-utils": "flake-utils",
        "home-manager": "home-manager",
        "home-manager-unstable": "home-manager-unstable",
        "nix-on-droid": "nix-on-droid",
        "nixgl": "nixgl",
        "nixos": "nixos",
        "nixos-small": "nixos-small",
        "nixos-unstable": "nixos-unstable",
        "nixpkgs-darwin": "nixpkgs-darwin",
        "nixpkgs-darwin-unstable": "nixpkgs-darwin-unstable",
        "nur": "nur",
        "rust-overlay": "rust-overlay",
        "rust-overlay-unstable": "rust-overlay-unstable"
      }
    },
    "rust-overlay": {
      "inputs": {
        "flake-utils": [
          "flake-utils"
        ],
        "nixpkgs": [
          "nixos"
        ]
      },
      "locked": {
        "lastModified": 1649471450,
        "narHash": "sha256-To2sEKvI5YhE1VqEdQKLrTW1sbq+/V8i+2ZLKR3OouI=",
        "owner": "oxalica",
        "repo": "rust-overlay",
        "rev": "4579190c4c427b8350c662417c26254589dfe658",
        "type": "github"
      },
      "original": {
        "owner": "oxalica",
        "repo": "rust-overlay",
        "type": "github"
      }
    },
    "rust-overlay-unstable": {
      "inputs": {
        "flake-utils": [
          "flake-utils"
        ],
        "nixpkgs": [
          "nixos-unstable"
        ]
      },
      "locked": {
        "lastModified": 1649471450,
        "narHash": "sha256-To2sEKvI5YhE1VqEdQKLrTW1sbq+/V8i+2ZLKR3OouI=",
        "owner": "oxalica",
        "repo": "rust-overlay",
        "rev": "4579190c4c427b8350c662417c26254589dfe658",
        "type": "github"
      },
      "original": {
        "owner": "oxalica",
        "repo": "rust-overlay",
        "type": "github"
      }
    }
  },
  "root": "root",
  "version": 7
}
