{
  "nodes": {
    "flake-utils": {
      "locked": {
        "lastModified": 1656065134,
        "narHash": "sha256-oc6E6ByIw3oJaIyc67maaFcnjYOz1mMcOtHxbEf9NwQ=",
        "owner": "numtide",
        "repo": "flake-utils",
        "rev": "bee6a7250dd1b01844a2de7e02e4df7d8a0a206c",
        "type": "github"
      },
      "original": {
        "owner": "numtide",
        "repo": "flake-utils",
        "type": "github"
      }
    },
    "flake-utils_2": {
      "locked": {
        "lastModified": 1653893745,
        "narHash": "sha256-0jntwV3Z8//YwuOjzhV2sgJJPt+HY6KhU7VZUL0fKZQ=",
        "owner": "numtide",
        "repo": "flake-utils",
        "rev": "1ed9fb1935d260de5fe1c2f7ee0ebaae17ed2fa1",
        "type": "github"
      },
      "original": {
        "owner": "numtide",
        "repo": "flake-utils",
        "type": "github"
      }
    },
    "home-manager-22-05": {
      "inputs": {
        "nixpkgs": []
      },
      "locked": {
        "lastModified": 1656169755,
        "narHash": "sha256-Nlnm4jeQWEGjYrE6hxi/7HYHjBSZ/E0RtjCYifnNsWk=",
        "owner": "nix-community",
        "repo": "home-manager",
        "rev": "4a3d01fb53f52ac83194081272795aa4612c2381",
        "type": "github"
      },
      "original": {
        "owner": "nix-community",
        "ref": "release-22.05",
        "repo": "home-manager",
        "type": "github"
      }
    },
    "nix-alien": {
      "inputs": {
        "flake-utils": "flake-utils_2",
        "nixpkgs": [
          "nixos-22-05"
        ],
        "poetry2nix": "poetry2nix"
      },
      "locked": {
        "lastModified": 1655280191,
        "narHash": "sha256-OEgjk89Hr2/yNH+iPeFRi+X5dy+bZxhULVknqaBCcOg=",
        "owner": "thiagokokada",
        "repo": "nix-alien",
        "rev": "ccf910e15a6dc5a41f8e714f9c35996aeb688760",
        "type": "github"
      },
      "original": {
        "owner": "thiagokokada",
        "repo": "nix-alien",
        "type": "github"
      }
    },
    "nix-darwin": {
      "inputs": {
        "nixpkgs": [
          "nixpkgs-22-05-darwin"
        ]
      },
      "locked": {
        "lastModified": 1651916036,
        "narHash": "sha256-UuD9keUGm4IuVEV6wdSYbuRm7CwfXE63hVkzKDjVsh4=",
        "owner": "lnl7",
        "repo": "nix-darwin",
        "rev": "2f2bdf658d2b79bada78dc914af99c53cad37cba",
        "type": "github"
      },
      "original": {
        "owner": "lnl7",
        "ref": "master",
        "repo": "nix-darwin",
        "type": "github"
      }
    },
    "nix-ld": {
      "inputs": {
        "nixpkgs": [],
        "utils": "utils"
      },
      "locked": {
        "lastModified": 1652641841,
        "narHash": "sha256-TTBz20XR2vmvOSDu8hXcbHbOEI0t/IWq8vZuRKyep1E=",
        "owner": "Mic92",
        "repo": "nix-ld",
        "rev": "c25cc4b5ec65f03c2bb96f927ae724a59c51d7ee",
        "type": "github"
      },
      "original": {
        "owner": "Mic92",
        "repo": "nix-ld",
        "type": "github"
      }
    },
    "nix-on-droid": {
      "inputs": {
        "flake-utils": [
          "flake-utils"
        ],
        "home-manager": [
          "home-manager-22-05"
        ],
        "nixpkgs": [
          "nixos-22-05"
        ]
      },
      "locked": {
        "lastModified": 1655931386,
        "narHash": "sha256-1Lk0pWGt241IKe625kx/klgLhjlMat+j6W8DduOP/k8=",
        "owner": "t184256",
        "repo": "nix-on-droid",
        "rev": "e7b55dee0a444ed1e55dca8c5697fd71a57f0e29",
        "type": "github"
      },
      "original": {
        "owner": "t184256",
        "ref": "testing",
        "repo": "nix-on-droid",
        "type": "github"
      }
    },
    "nixgl": {
      "flake": false,
      "locked": {
        "lastModified": 1656321324,
        "narHash": "sha256-Sz0uWspqvshGFbT+XmRVVayuW514rNNLLvrre8jBLLU=",
        "owner": "guibou",
        "repo": "nixGL",
        "rev": "047a34b2f087e2e3f93d43df8e67ada40bf70e5c",
        "type": "github"
      },
      "original": {
        "owner": "guibou",
        "repo": "nixGL",
        "type": "github"
      }
    },
    "nixos-22-05": {
      "locked": {
        "lastModified": 1656433693,
        "narHash": "sha256-m29hSYsu2U+tnBo5v1/2RGo3lYY6KKb52MHV/89NeCs=",
        "owner": "NixOS",
        "repo": "nixpkgs",
        "rev": "babb041b7167008af3faca4c78f9dd8c6e83ef3a",
        "type": "github"
      },
      "original": {
        "owner": "NixOS",
        "ref": "nixos-22.05",
        "repo": "nixpkgs",
        "type": "github"
      }
    },
    "nixos-22-05-small": {
      "locked": {
        "lastModified": 1656464525,
        "narHash": "sha256-+g0HMEpW6GB0RmNQH+OGc8JVVfQ1zYnHLYgZL+5pA+A=",
        "owner": "NixOS",
        "repo": "nixpkgs",
        "rev": "394262ca6437172334f4332dfb3d2dc8113eabdf",
        "type": "github"
      },
      "original": {
        "owner": "NixOS",
        "ref": "nixos-22.05-small",
        "repo": "nixpkgs",
        "type": "github"
      }
    },
    "nixpkgs-22-05-darwin": {
      "locked": {
        "lastModified": 1656488076,
        "narHash": "sha256-R55H3R/yVgG9VL4uMKNf/9F/7AuIf7arDFgfS6n9WrE=",
        "owner": "NixOS",
        "repo": "nixpkgs",
        "rev": "5e2ca9f15b5959bbd91da744abdfba30b1126d11",
        "type": "github"
      },
      "original": {
        "owner": "NixOS",
        "ref": "nixpkgs-22.05-darwin",
        "repo": "nixpkgs",
        "type": "github"
      }
    },
    "nur": {
      "locked": {
        "lastModified": 1656516558,
        "narHash": "sha256-xMfUEwRG1ty4YysAl0BNlHbdLPxbi8cCFmCOTt4JLFA=",
        "owner": "nix-community",
        "repo": "NUR",
        "rev": "e86ce90db1b2ee55ba412845161c063dff3301db",
        "type": "github"
      },
      "original": {
        "owner": "nix-community",
        "repo": "NUR",
        "type": "github"
      }
    },
    "poetry2nix": {
      "inputs": {
        "flake-utils": [
          "nix-alien",
          "flake-utils"
        ],
        "nixpkgs": [
          "nix-alien",
          "nixpkgs"
        ]
      },
      "locked": {
        "lastModified": 1655106322,
        "narHash": "sha256-X7oWgty5uKYYTg7n6gut/lShi1X5QxiOfLQNHyJ5LaM=",
        "owner": "nix-community",
        "repo": "poetry2nix",
        "rev": "347ccb4ce58e7af1ece3f9743019263c4aede7b8",
        "type": "github"
      },
      "original": {
        "owner": "nix-community",
        "repo": "poetry2nix",
        "type": "github"
      }
    },
    "root": {
      "inputs": {
        "flake-utils": "flake-utils",
        "home-manager-22-05": "home-manager-22-05",
        "nix-alien": "nix-alien",
        "nix-darwin": "nix-darwin",
        "nix-ld": "nix-ld",
        "nix-on-droid": "nix-on-droid",
        "nixgl": "nixgl",
        "nixos-22-05": "nixos-22-05",
        "nixos-22-05-small": "nixos-22-05-small",
        "nixpkgs-22-05-darwin": "nixpkgs-22-05-darwin",
        "nur": "nur",
        "rust-overlay": "rust-overlay"
      }
    },
    "rust-overlay": {
      "inputs": {
        "flake-utils": [
          "flake-utils"
        ],
        "nixpkgs": []
      },
      "locked": {
        "lastModified": 1656470987,
        "narHash": "sha256-MOhGElV3SR5k2BptTErKib73ckmo/mdvTvzh4X1AAp4=",
        "owner": "oxalica",
        "repo": "rust-overlay",
        "rev": "ae5bc6cdb2683885de4c3f3a6433d68203b5da9c",
        "type": "github"
      },
      "original": {
        "owner": "oxalica",
        "repo": "rust-overlay",
        "type": "github"
      }
    },
    "utils": {
      "locked": {
        "lastModified": 1652372896,
        "narHash": "sha256-lURGussfF3mGrFPQT3zgW7+RC0pBhbHzco0C7I+ilow=",
        "owner": "numtide",
        "repo": "flake-utils",
        "rev": "0d347c56f6f41de822a4f4c7ff5072f3382db121",
        "type": "github"
      },
      "original": {
        "owner": "numtide",
        "repo": "flake-utils",
        "type": "github"
      }
    }
  },
  "root": "root",
  "version": 7
}
