{
  "nodes": {
    "flake-utils": {
      "locked": {
        "lastModified": 1637014545,
        "narHash": "sha256-26IZAc5yzlD9FlDT54io1oqG/bBoyka+FJk5guaX4x4=",
        "owner": "numtide",
        "repo": "flake-utils",
        "rev": "bba5dcc8e0b20ab664967ad83d24d64cb64ec4f4",
        "type": "github"
      },
      "original": {
        "owner": "numtide",
        "repo": "flake-utils",
        "type": "github"
      }
    },
    "nixpkgs": {
      "locked": {
        "lastModified": 1636944046,
        "narHash": "sha256-74KLDsiWSBsYXKj/ql9EGbw1TbIJRE7clFkhl30HV/c=",
        "owner": "NixOS",
        "repo": "nixpkgs",
        "rev": "46251a79f752ae1d46ef733e8e9760b6d3429da4",
        "type": "github"
      },
      "original": {
        "owner": "NixOS",
        "ref": "nixos-21.05",
        "repo": "nixpkgs",
        "type": "github"
      }
    },
    "root": {
      "inputs": {
        "flake-utils": "flake-utils",
        "nixpkgs": "nixpkgs",
        "rust-overlay": "rust-overlay"
      }
    },
    "rust-overlay": {
      "inputs": {
        "flake-utils": [
          "flake-utils"
        ],
        "nixpkgs": [
          "nixpkgs"
        ]
      },
      "locked": {
        "lastModified": 1637201710,
        "narHash": "sha256-CxlxEp9NWvivBm+Z0TTVd5xF5aZed3isdNp4CmVQ6BM=",
        "owner": "oxalica",
        "repo": "rust-overlay",
        "rev": "85733f85cd860760e3ed536b6e8a6ed0cd1ebde4",
        "type": "github"
      },
      "original": {
        "owner": "oxalica",
        "repo": "rust-overlay",
        "type": "github"
      }
    }
  },
  "root": "root",
  "version": 7
}
